<Solution>
<Project Path="Phi.Agent/Phi.Agent.csproj" />
<Project Path="Phi.Agent.Tests/Phi.Agent.Tests.csproj" />
<Project Path="Phi/Phi.Runtime.csproj" />
<Project Path="Phi.SchemaGen/Phi.SchemaGen.csproj" />
<Project Path="Phi.Tests/Phi.Tests.csproj" />
<Project Path="Phi.Tui/Phi.Tui.csproj" />
<Project Path="Phi.Avalonia/Phi.Avalonia.csproj" />
<Project Path="Phi.Avalonia.Desktop/Phi.Avalonia.Desktop.csproj" />
<Project Path="Phi.Avalonia.Tests/Phi.Avalonia.Tests.csproj" />
<Project Path="Phi.Provider/Phi.Provider.csproj" />
<Project Path="Phi.Provider.Tests/Phi.Provider.Tests.csproj" />
</Solution>
