<Solution>
  <Folder Name="/src/">
    <Project Path="src/Phi.Agent/Phi.Agent.csproj" />
    <Project Path="src/Phi.Extensions/Phi.Extensions.csproj" />
    <Project Path="src/Phi.Extensions.Host/Phi.Extensions.Host.csproj" />
    <Project Path="src/Phi/Phi.csproj" />
    <Project Path="src/Phi.Provider/Phi.Provider.csproj" />
    <Project Path="src/Phi.SchemaGen/Phi.SchemaGen.csproj" />
    <Project Path="src/Phi.Tui/Phi.Tui.csproj" />
    <Project Path="src/Phi.Avalonia/Phi.Avalonia.csproj" />
    <Project Path="src/Phi.Avalonia.Desktop/Phi.Avalonia.Desktop.csproj" />
  </Folder>
  <Folder Name="/extensions/">
    <Project Path="extensions/CodingPack/CodingPack.csproj" />
    <Project Path="extensions/HelloTool/HelloTool.csproj" />
    <Project Path="extensions/PermissionGate/PermissionGate.csproj" />
  </Folder>
  <Folder Name="/tests/">
    <Project Path="tests/Phi.Agent.Tests/Phi.Agent.Tests.csproj" />
    <Project Path="tests/Phi.Extensions.Tests/Phi.Extensions.Tests.csproj" />
    <Project Path="tests/Phi.Extensions.Host.Tests/Phi.Extensions.Host.Tests.csproj" />
    <Project Path="tests/Phi.Provider.Tests/Phi.Provider.Tests.csproj" />
    <Project Path="tests/Phi.Tests/Phi.Tests.csproj" />
    <Project Path="tests/Phi.Avalonia.Tests/Phi.Avalonia.Tests.csproj" />
  </Folder>
</Solution>
