<Solution>
<Project Path="PhiAgent/PhiAgent.csproj" />
<Project Path="PhiAgent.Tests/PhiAgent.Tests.csproj" />
<Project Path="PhiCoding/PhiCoding.csproj" />
<Project Path="PhiSchemaGen/PhiSchemaGen.csproj" />
<Project Path="PhiCoding.Tests/PhiCoding.Tests.csproj" />
<Project Path="PhiCoding.Tui/PhiCoding.Tui.csproj" />
<Project Path="PhiCoding.Avalonia/PhiCoding.Avalonia.csproj" />
<Project Path="PhiCoding.Avalonia.Desktop/PhiCoding.Avalonia.Desktop.csproj" />
<Project Path="PhiCoding.Avalonia.Tests/PhiCoding.Avalonia.Tests.csproj" />
<Project Path="PhiProvider/PhiProvider.csproj" />
<Project Path="PhiProvider.Tests/PhiProvider.Tests.csproj" />
</Solution>
